
Microsoft Visual Studio Solution File, Format Version 12.00
# Visual Studio Version 16
VisualStudioVersion = 16.0.29609.76
MinimumVisualStudioVersion = 10.0.40219.1
Project("{FAE04EC0-301F-11D3-BF4B-00C04F79EFBC}") = "ELaundry", "WrapPos\ELaundry.csproj", "{BE53E5A4-C612-49F4-89C6-184AEFCF2475}"
EndProject
Project("{FAE04EC0-301F-11D3-BF4B-00C04F79EFBC}") = "ELaundry.Tests", "ELaundry.Tests\ELaundry.Tests.csproj", "{9097B941-D8C0-4F88-B72C-A34263124F70}"
EndProject
Global
	GlobalSection(SolutionConfigurationPlatforms) = preSolution
		Debug|Any CPU = Debug|Any CPU
		Release|Any CPU = Release|Any CPU
	EndGlobalSection
	GlobalSection(ProjectConfigurationPlatforms) = postSolution
		{BE53E5A4-C612-49F4-89C6-184AEFCF2475}.Debug|Any CPU.ActiveCfg = Debug|Any CPU
		{BE53E5A4-C612-49F4-89C6-184AEFCF2475}.Debug|Any CPU.Build.0 = Debug|Any CPU
		{BE53E5A4-C612-49F4-89C6-184AEFCF2475}.Release|Any CPU.ActiveCfg = Release|Any CPU
		{BE53E5A4-C612-49F4-89C6-184AEFCF2475}.Release|Any CPU.Build.0 = Release|Any CPU
		{9097B941-D8C0-4F88-B72C-A34263124F70}.Debug|Any CPU.ActiveCfg = Debug|Any CPU
		{9097B941-D8C0-4F88-B72C-A34263124F70}.Debug|Any CPU.Build.0 = Debug|Any CPU
		{9097B941-D8C0-4F88-B72C-A34263124F70}.Release|Any CPU.ActiveCfg = Release|Any CPU
		{9097B941-D8C0-4F88-B72C-A34263124F70}.Release|Any CPU.Build.0 = Release|Any CPU
	EndGlobalSection
	GlobalSection(SolutionProperties) = preSolution
		HideSolutionNode = FALSE
	EndGlobalSection
	GlobalSection(ExtensibilityGlobals) = postSolution
		SolutionGuid = {1077B731-E6AE-47BE-843E-4C3F5A0F83CE}
	EndGlobalSection
EndGlobal
